# This file is automatically @generated by Poetry 1.8.4 and should not be changed by hand.

[[package]]
name = "secure-smtplib"
version = "0.1.1"
description = "Secure SMTP subclasses for Python 2"
optional = false
python-versions = "*"
files = [
    {file = "secure-smtplib-0.1.1.tar.gz", hash = "sha256:3d4903f6612626ccd9b77ef05313cb3c3952a59a4d756cda2377b272fabad8b9"},
    {file = "secure_smtplib-0.1.1-py2.py3-none-any.whl", hash = "sha256:645ea0a341f306fa3307c8fe1169765c417ff363db9946fa69f3669a9b718069"},
]

[metadata]
lock-version = "2.0"
python-versions = "^3.12"
content-hash = "6b6db31a6045df9453f3fa4b675518705e3a8edcdafeb82715db947914350a25"
